// !$*UTF8*$!
{
	archiveVersion = 1;
	classes = {
	};
	objectVersion = 50;
	objects = {

/* Begin PBXBuildFile section */
		A1A41F04272D3781003967E9 /* AppDelegate.swift in Sources */ = {isa = PBXBuildFile; fileRef = A1A41F03272D3781003967E9 /* AppDelegate.swift */; };
		A1A41F06272D3781003967E9 /* SceneDelegate.swift in Sources */ = {isa = PBXBuildFile; fileRef = A1A41F05272D3781003967E9 /* SceneDelegate.swift */; };
		A1A41F08272D3781003967E9 /* ViewController.swift in Sources */ = {isa = PBXBuildFile; fileRef = A1A41F07272D3781003967E9 /* ViewController.swift */; };
		A1A41F0B272D3781003967E9 /* Main.storyboard in Resources */ = {isa = PBXBuildFile; fileRef = A1A41F09272D3781003967E9 /* Main.storyboard */; };
		A1A41F0D272D3782003967E9 /* Assets.xcassets in Resources */ = {isa = PBXBuildFile; fileRef = A1A41F0C272D3782003967E9 /* Assets.xcassets */; };
		A1A41F10272D3782003967E9 /* LaunchScreen.storyboard in Resources */ = {isa = PBXBuildFile; fileRef = A1A41F0E272D3782003967E9 /* LaunchScreen.storyboard */; };
		A1A41F1B272D3783003967E9 /* ListingAppTests.swift in Sources */ = {isa = PBXBuildFile; fileRef = A1A41F1A272D3783003967E9 /* ListingAppTests.swift */; };
		A1A41F26272D3783003967E9 /* ListingAppUITests.swift in Sources */ = {isa = PBXBuildFile; fileRef = A1A41F25272D3783003967E9 /* ListingAppUITests.swift */; };
/* End PBXBuildFile section */

/* Begin PBXContainerItemProxy section */
		A1A41F17272D3783003967E9 /* PBXContainerItemProxy */ = {
			isa = PBXContainerItemProxy;
			containerPortal = A1A41EF8272D3781003967E9 /* Project object */;
			proxyType = 1;
			remoteGlobalIDString = A1A41EFF272D3781003967E9;
			remoteInfo = ListingApp;
		};
		A1A41F22272D3783003967E9 /* PBXContainerItemProxy */ = {
			isa = PBXContainerItemProxy;
			containerPortal = A1A41EF8272D3781003967E9 /* Project object */;
			proxyType = 1;
			remoteGlobalIDString = A1A41EFF272D3781003967E9;
			remoteInfo = ListingApp;
		};
/* End PBXContainerItemProxy section */

/* Begin PBXFileReference section */
		A1A41F00272D3781003967E9 /* ListingApp.app */ = {isa = PBXFileReference; explicitFileType = wrapper.application; includeInIndex = 0; path = ListingApp.app; sourceTree = BUILT_PRODUCTS_DIR; };
		A1A41F03272D3781003967E9 /* AppDelegate.swift */ = {isa = PBXFileReference; lastKnownFileType = sourcecode.swift; path = AppDelegate.swift; sourceTree = "<group>"; };
		A1A41F05272D3781003967E9 /* SceneDelegate.swift */ = {isa = PBXFileReference; lastKnownFileType = sourcecode.swift; path = SceneDelegate.swift; sourceTree = "<group>"; };
		A1A41F07272D3781003967E9 /* ViewController.swift */ = {isa = PBXFileReference; lastKnownFileType = sourcecode.swift; path = ViewController.swift; sourceTree = "<group>"; };
		A1A41F0A272D3781003967E9 /* Base */ = {isa = PBXFileReference; lastKnownFileType = file.storyboard; name = Base; path = Base.lproj/Main.storyboard; sourceTree = "<group>"; };
		A1A41F0C272D3782003967E9 /* Assets.xcassets */ = {isa = PBXFileReference; lastKnownFileType = folder.assetcatalog; path = Assets.xcassets; sourceTree = "<group>"; };
		A1A41F0F272D3782003967E9 /* Base */ = {isa = PBXFileReference; lastKnownFileType = file.storyboard; name = Base; path = Base.lproj/LaunchScreen.storyboard; sourceTree = "<group>"; };
		A1A41F11272D3782003967E9 /* Info.plist */ = {isa = PBXFileReference; lastKnownFileType = text.plist.xml; path = Info.plist; sourceTree = "<group>"; };
		A1A41F16272D3783003967E9 /* ListingAppTests.xctest */ = {isa = PBXFileReference; explicitFileType = wrapper.cfbundle; includeInIndex = 0; path = ListingAppTests.xctest; sourceTree = BUILT_PRODUCTS_DIR; };
		A1A41F1A272D3783003967E9 /* ListingAppTests.swift */ = {isa = PBXFileReference; lastKnownFileType = sourcecode.swift; path = ListingAppTests.swift; sourceTree = "<group>"; };
		A1A41F1C272D3783003967E9 /* Info.plist */ = {isa = PBXFileReference; lastKnownFileType = text.plist.xml; path = Info.plist; sourceTree = "<group>"; };
		A1A41F21272D3783003967E9 /* ListingAppUITests.xctest */ = {isa = PBXFileReference; explicitFileType = wrapper.cfbundle; includeInIndex = 0; path = ListingAppUITests.xctest; sourceTree = BUILT_PRODUCTS_DIR; };
		A1A41F25272D3783003967E9 /* ListingAppUITests.swift */ = {isa = PBXFileReference; lastKnownFileType = sourcecode.swift; path = ListingAppUITests.swift; sourceTree = "<group>"; };
		A1A41F27272D3783003967E9 /* Info.plist */ = {isa = PBXFileReference; lastKnownFileType = text.plist.xml; path = Info.plist; sourceTree = "<group>"; };
/* End PBXFileReference section */

/* Begin PBXFrameworksBuildPhase section */
		A1A41EFD272D3781003967E9 /* Frameworks */ = {
			isa = PBXFrameworksBuildPhase;
			buildActionMask = 2147483647;
			files = (
			);
			runOnlyForDeploymentPostprocessing = 0;
		};
		A1A41F13272D3783003967E9 /* Frameworks */ = {
			isa = PBXFrameworksBuildPhase;
			buildActionMask = 2147483647;
			files = (
			);
			runOnlyForDeploymentPostprocessing = 0;
		};
		A1A41F1E272D3783003967E9 /* Frameworks */ = {
			isa = PBXFrameworksBuildPhase;
			buildActionMask = 2147483647;
			files = (
			);
			runOnlyForDeploymentPostprocessing = 0;
		};
/* End PBXFrameworksBuildPhase section */

/* Begin PBXGroup section */
		A1A41EF7272D3781003967E9 = {
			isa = PBXGroup;
			children = (
				A1A41F02272D3781003967E9 /* ListingApp */,
				A1A41F19272D3783003967E9 /* ListingAppTests */,
				A1A41F24272D3783003967E9 /* ListingAppUITests */,
				A1A41F01272D3781003967E9 /* Products */,
			);
			sourceTree = "<group>";
		};
		A1A41F01272D3781003967E9 /* Products */ = {
			isa = PBXGroup;
			children = (
				A1A41F00272D3781003967E9 /* ListingApp.app */,
				A1A41F16272D3783003967E9 /* ListingAppTests.xctest */,
				A1A41F21272D3783003967E9 /* ListingAppUITests.xctest */,
			);
			name = Products;
			sourceTree = "<group>";
		};
		A1A41F02272D3781003967E9 /* ListingApp */ = {
			isa = PBXGroup;
			children = (
				A1A41F03272D3781003967E9 /* AppDelegate.swift */,
				A1A41F05272D3781003967E9 /* SceneDelegate.swift */,
				A1A41F07272D3781003967E9 /* ViewController.swift */,
				A1A41F09272D3781003967E9 /* Main.storyboard */,
				A1A41F0C272D3782003967E9 /* Assets.xcassets */,
				A1A41F0E272D3782003967E9 /* LaunchScreen.storyboard */,
				A1A41F11272D3782003967E9 /* Info.plist */,
			);
			path = ListingApp;
			sourceTree = "<group>";
		};
		A1A41F19272D3783003967E9 /* ListingAppTests */ = {
			isa = PBXGroup;
			children = (
				A1A41F1A272D3783003967E9 /* ListingAppTests.swift */,
				A1A41F1C272D3783003967E9 /* Info.plist */,
			);
			path = ListingAppTests;
			sourceTree = "<group>";
		};
		A1A41F24272D3783003967E9 /* ListingAppUITests */ = {
			isa = PBXGroup;
			children = (
				A1A41F25272D3783003967E9 /* ListingAppUITests.swift */,
				A1A41F27272D3783003967E9 /* Info.plist */,
			);
			path = ListingAppUITests;
			sourceTree = "<group>";
		};
/* End PBXGroup section */

/* Begin PBXNativeTarget section */
		A1A41EFF272D3781003967E9 /* ListingApp */ = {
			isa = PBXNativeTarget;
			buildConfigurationList = A1A41F2A272D3783003967E9 /* Build configuration list for PBXNativeTarget "ListingApp" */;
			buildPhases = (
				A1A41EFC272D3781003967E9 /* Sources */,
				A1A41EFD272D3781003967E9 /* Frameworks */,
				A1A41EFE272D3781003967E9 /* Resources */,
			);
			buildRules = (
			);
			dependencies = (
			);
			name = ListingApp;
			productName = ListingApp;
			productReference = A1A41F00272D3781003967E9 /* ListingApp.app */;
			productType = "com.apple.product-type.application";
		};
		A1A41F15272D3783003967E9 /* ListingAppTests */ = {
			isa = PBXNativeTarget;
			buildConfigurationList = A1A41F2D272D3783003967E9 /* Build configuration list for PBXNativeTarget "ListingAppTests" */;
			buildPhases = (
				A1A41F12272D3783003967E9 /* Sources */,
				A1A41F13272D3783003967E9 /* Frameworks */,
				A1A41F14272D3783003967E9 /* Resources */,
			);
			buildRules = (
			);
			dependencies = (
				A1A41F18272D3783003967E9 /* PBXTargetDependency */,
			);
			name = ListingAppTests;
			productName = ListingAppTests;
			productReference = A1A41F16272D3783003967E9 /* ListingAppTests.xctest */;
			productType = "com.apple.product-type.bundle.unit-test";
		};
		A1A41F20272D3783003967E9 /* ListingAppUITests */ = {
			isa = PBXNativeTarget;
			buildConfigurationList = A1A41F30272D3783003967E9 /* Build configuration list for PBXNativeTarget "ListingAppUITests" */;
			buildPhases = (
				A1A41F1D272D3783003967E9 /* Sources */,
				A1A41F1E272D3783003967E9 /* Frameworks */,
				A1A41F1F272D3783003967E9 /* Resources */,
			);
			buildRules = (
			);
			dependencies = (
				A1A41F23272D3783003967E9 /* PBXTargetDependency */,
			);
			name = ListingAppUITests;
			productName = ListingAppUITests;
			productReference = A1A41F21272D3783003967E9 /* ListingAppUITests.xctest */;
			productType = "com.apple.product-type.bundle.ui-testing";
		};
/* End PBXNativeTarget section */

/* Begin PBXProject section */
		A1A41EF8272D3781003967E9 /* Project object */ = {
			isa = PBXProject;
			attributes = {
				LastSwiftUpdateCheck = 1250;
				LastUpgradeCheck = 1250;
				TargetAttributes = {
					A1A41EFF272D3781003967E9 = {
						CreatedOnToolsVersion = 12.5;
					};
					A1A41F15272D3783003967E9 = {
						CreatedOnToolsVersion = 12.5;
						TestTargetID = A1A41EFF272D3781003967E9;
					};
					A1A41F20272D3783003967E9 = {
						CreatedOnToolsVersion = 12.5;
						TestTargetID = A1A41EFF272D3781003967E9;
					};
				};
			};
			buildConfigurationList = A1A41EFB272D3781003967E9 /* Build configuration list for PBXProject "ListingApp" */;
			compatibilityVersion = "Xcode 9.3";
			developmentRegion = en;
			hasScannedForEncodings = 0;
			knownRegions = (
				en,
				Base,
			);
			mainGroup = A1A41EF7272D3781003967E9;
			productRefGroup = A1A41F01272D3781003967E9 /* Products */;
			projectDirPath = "";
			projectRoot = "";
			targets = (
				A1A41EFF272D3781003967E9 /* ListingApp */,
				A1A41F15272D3783003967E9 /* ListingAppTests */,
				A1A41F20272D3783003967E9 /* ListingAppUITests */,
			);
		};
/* End PBXProject section */

/* Begin PBXResourcesBuildPhase section */
		A1A41EFE272D3781003967E9 /* Resources */ = {
			isa = PBXResourcesBuildPhase;
			buildActionMask = 2147483647;
			files = (
				A1A41F10272D3782003967E9 /* LaunchScreen.storyboard in Resources */,
				A1A41F0D272D3782003967E9 /* Assets.xcassets in Resources */,
				A1A41F0B272D3781003967E9 /* Main.storyboard in Resources */,
			);
			runOnlyForDeploymentPostprocessing = 0;
		};
		A1A41F14272D3783003967E9 /* Resources */ = {
			isa = PBXResourcesBuildPhase;
			buildActionMask = 2147483647;
			files = (
			);
			runOnlyForDeploymentPostprocessing = 0;
		};
		A1A41F1F272D3783003967E9 /* Resources */ = {
			isa = PBXResourcesBuildPhase;
			buildActionMask = 2147483647;
			files = (
			);
			runOnlyForDeploymentPostprocessing = 0;
		};
/* End PBXResourcesBuildPhase section */

/* Begin PBXSourcesBuildPhase section */
		A1A41EFC272D3781003967E9 /* Sources */ = {
			isa = PBXSourcesBuildPhase;
			buildActionMask = 2147483647;
			files = (
				A1A41F08272D3781003967E9 /* ViewController.swift in Sources */,
				A1A41F04272D3781003967E9 /* AppDelegate.swift in Sources */,
				A1A41F06272D3781003967E9 /* SceneDelegate.swift in Sources */,
			);
			runOnlyForDeploymentPostprocessing = 0;
		};
		A1A41F12272D3783003967E9 /* Sources */ = {
			isa = PBXSourcesBuildPhase;
			buildActionMask = 2147483647;
			files = (
				A1A41F1B272D3783003967E9 /* ListingAppTests.swift in Sources */,
			);
			runOnlyForDeploymentPostprocessing = 0;
		};
		A1A41F1D272D3783003967E9 /* Sources */ = {
			isa = PBXSourcesBuildPhase;
			buildActionMask = 2147483647;
			files = (
				A1A41F26272D3783003967E9 /* ListingAppUITests.swift in Sources */,
			);
			runOnlyForDeploymentPostprocessing = 0;
		};
/* End PBXSourcesBuildPhase section */

/* Begin PBXTargetDependency section */
		A1A41F18272D3783003967E9 /* PBXTargetDependency */ = {
			isa = PBXTargetDependency;
			target = A1A41EFF272D3781003967E9 /* ListingApp */;
			targetProxy = A1A41F17272D3783003967E9 /* PBXContainerItemProxy */;
		};
		A1A41F23272D3783003967E9 /* PBXTargetDependency */ = {
			isa = PBXTargetDependency;
			target = A1A41EFF272D3781003967E9 /* ListingApp */;
			targetProxy = A1A41F22272D3783003967E9 /* PBXContainerItemProxy */;
		};
/* End PBXTargetDependency section */

/* Begin PBXVariantGroup section */
		A1A41F09272D3781003967E9 /* Main.storyboard */ = {
			isa = PBXVariantGroup;
			children = (
				A1A41F0A272D3781003967E9 /* Base */,
			);
			name = Main.storyboard;
			sourceTree = "<group>";
		};
		A1A41F0E272D3782003967E9 /* LaunchScreen.storyboard */ = {
			isa = PBXVariantGroup;
			children = (
				A1A41F0F272D3782003967E9 /* Base */,
			);
			name = LaunchScreen.storyboard;
			sourceTree = "<group>";
		};
/* End PBXVariantGroup section */

/* Begin XCBuildConfiguration section */
		A1A41F28272D3783003967E9 /* Debug */ = {
			isa = XCBuildConfiguration;
			buildSettings = {
				ALWAYS_SEARCH_USER_PATHS = NO;
				CLANG_ANALYZER_NONNULL = YES;
				CLANG_ANALYZER_NUMBER_OBJECT_CONVERSION = YES_AGGRESSIVE;
				CLANG_CXX_LANGUAGE_STANDARD = "gnu++14";
				CLANG_CXX_LIBRARY = "libc++";
				CLANG_ENABLE_MODULES = YES;
				CLANG_ENABLE_OBJC_ARC = YES;
				CLANG_ENABLE_OBJC_WEAK = YES;
				CLANG_WARN_BLOCK_CAPTURE_AUTORELEASING = YES;
				CLANG_WARN_BOOL_CONVERSION = YES;
				CLANG_WARN_COMMA = YES;
				CLANG_WARN_CONSTANT_CONVERSION = YES;
				CLANG_WARN_DEPRECATED_OBJC_IMPLEMENTATIONS = YES;
				CLANG_WARN_DIRECT_OBJC_ISA_USAGE = YES_ERROR;
				CLANG_WARN_DOCUMENTATION_COMMENTS = YES;
				CLANG_WARN_EMPTY_BODY = YES;
				CLANG_WARN_ENUM_CONVERSION = YES;
				CLANG_WARN_INFINITE_RECURSION = YES;
				CLANG_WARN_INT_CONVERSION = YES;
				CLANG_WARN_NON_LITERAL_NULL_CONVERSION = YES;
				CLANG_WARN_OBJC_IMPLICIT_RETAIN_SELF = YES;
				CLANG_WARN_OBJC_LITERAL_CONVERSION = YES;
				CLANG_WARN_OBJC_ROOT_CLASS = YES_ERROR;
				CLANG_WARN_QUOTED_INCLUDE_IN_FRAMEWORK_HEADER = YES;
				CLANG_WARN_RANGE_LOOP_ANALYSIS = YES;
				CLANG_WARN_STRICT_PROTOTYPES = YES;
				CLANG_WARN_SUSPICIOUS_MOVE = YES;
				CLANG_WARN_UNGUARDED_AVAILABILITY = YES_AGGRESSIVE;
				CLANG_WARN_UNREACHABLE_CODE = YES;
				CLANG_WARN__DUPLICATE_METHOD_MATCH = YES;
				COPY_PHASE_STRIP = NO;
				DEBUG_INFORMATION_FORMAT = dwarf;
				ENABLE_STRICT_OBJC_MSGSEND = YES;
				ENABLE_TESTABILITY = YES;
				GCC_C_LANGUAGE_STANDARD = gnu11;
				GCC_DYNAMIC_NO_PIC = NO;
				GCC_NO_COMMON_BLOCKS = YES;
				GCC_OPTIMIZATION_LEVEL = 0;
				GCC_PREPROCESSOR_DEFINITIONS = (
					"DEBUG=1",
					"$(inherited)",
				);
				GCC_WARN_64_TO_32_BIT_CONVERSION = YES;
				GCC_WARN_ABOUT_RETURN_TYPE = YES_ERROR;
				GCC_WARN_UNDECLARED_SELECTOR = YES;
				GCC_WARN_UNINITIALIZED_AUTOS = YES_AGGRESSIVE;
				GCC_WARN_UNUSED_FUNCTION = YES;
				GCC_WARN_UNUSED_VARIABLE = YES;
				IPHONEOS_DEPLOYMENT_TARGET = 14.5;
				MTL_ENABLE_DEBUG_INFO = INCLUDE_SOURCE;
				MTL_FAST_MATH = YES;
				ONLY_ACTIVE_ARCH = YES;
				SDKROOT = iphoneos;
				SWIFT_ACTIVE_COMPILATION_CONDITIONS = DEBUG;
				SWIFT_OPTIMIZATION_LEVEL = "-Onone";
			};
			name = Debug;
		};
		A1A41F29272D3783003967E9 /* Release */ = {
			isa = XCBuildConfiguration;
			buildSettings = {
				ALWAYS_SEARCH_USER_PATHS = NO;
				CLANG_ANALYZER_NONNULL = YES;
				CLANG_ANALYZER_NUMBER_OBJECT_CONVERSION = YES_AGGRESSIVE;
				CLANG_CXX_LANGUAGE_STANDARD = "gnu++14";
				CLANG_CXX_LIBRARY = "libc++";
				CLANG_ENABLE_MODULES = YES;
				CLANG_ENABLE_OBJC_ARC = YES;
				CLANG_ENABLE_OBJC_WEAK = YES;
				CLANG_WARN_BLOCK_CAPTURE_AUTORELEASING = YES;
				CLANG_WARN_BOOL_CONVERSION = YES;
				CLANG_WARN_COMMA = YES;
				CLANG_WARN_CONSTANT_CONVERSION = YES;
				CLANG_WARN_DEPRECATED_OBJC_IMPLEMENTATIONS = YES;
				CLANG_WARN_DIRECT_OBJC_ISA_USAGE = YES_ERROR;
				CLANG_WARN_DOCUMENTATION_COMMENTS = YES;
				CLANG_WARN_EMPTY_BODY = YES;
				CLANG_WARN_ENUM_CONVERSION = YES;
				CLANG_WARN_INFINITE_RECURSION = YES;
				CLANG_WARN_INT_CONVERSION = YES;
				CLANG_WARN_NON_LITERAL_NULL_CONVERSION = YES;
				CLANG_WARN_OBJC_IMPLICIT_RETAIN_SELF = YES;
				CLANG_WARN_OBJC_LITERAL_CONVERSION = YES;
				CLANG_WARN_OBJC_ROOT_CLASS = YES_ERROR;
				CLANG_WARN_QUOTED_INCLUDE_IN_FRAMEWORK_HEADER = YES;
				CLANG_WARN_RANGE_LOOP_ANALYSIS = YES;
				CLANG_WARN_STRICT_PROTOTYPES = YES;
				CLANG_WARN_SUSPICIOUS_MOVE = YES;
				CLANG_WARN_UNGUARDED_AVAILABILITY = YES_AGGRESSIVE;
				CLANG_WARN_UNREACHABLE_CODE = YES;
				CLANG_WARN__DUPLICATE_METHOD_MATCH = YES;
				COPY_PHASE_STRIP = NO;
				DEBUG_INFORMATION_FORMAT = "dwarf-with-dsym";
				ENABLE_NS_ASSERTIONS = NO;
				ENABLE_STRICT_OBJC_MSGSEND = YES;
				GCC_C_LANGUAGE_STANDARD = gnu11;
				GCC_NO_COMMON_BLOCKS = YES;
				GCC_WARN_64_TO_32_BIT_CONVERSION = YES;
				GCC_WARN_ABOUT_RETURN_TYPE = YES_ERROR;
				GCC_WARN_UNDECLARED_SELECTOR = YES;
				GCC_WARN_UNINITIALIZED_AUTOS = YES_AGGRESSIVE;
				GCC_WARN_UNUSED_FUNCTION = YES;
				GCC_WARN_UNUSED_VARIABLE = YES;
				IPHONEOS_DEPLOYMENT_TARGET = 14.5;
				MTL_ENABLE_DEBUG_INFO = NO;
				MTL_FAST_MATH = YES;
				SDKROOT = iphoneos;
				SWIFT_COMPILATION_MODE = wholemodule;
				SWIFT_OPTIMIZATION_LEVEL = "-O";
				VALIDATE_PRODUCT = YES;
			};
			name = Release;
		};
		A1A41F2B272D3783003967E9 /* Debug */ = {
			isa = XCBuildConfiguration;
			buildSettings = {
				ASSETCATALOG_COMPILER_APPICON_NAME = AppIcon;
				ASSETCATALOG_COMPILER_GLOBAL_ACCENT_COLOR_NAME = AccentColor;
				CODE_SIGN_STYLE = Automatic;
				DEVELOPMENT_TEAM = 36F936QK6T;
				INFOPLIST_FILE = ListingApp/Info.plist;
				LD_RUNPATH_SEARCH_PATHS = (
					"$(inherited)",
					"@executable_path/Frameworks",
				);
				PRODUCT_BUNDLE_IDENTIFIER = NP.ListingApp;
				PRODUCT_NAME = "$(TARGET_NAME)";
				SWIFT_VERSION = 5.0;
				TARGETED_DEVICE_FAMILY = "1,2";
			};
			name = Debug;
		};
		A1A41F2C272D3783003967E9 /* Release */ = {
			isa = XCBuildConfiguration;
			buildSettings = {
				ASSETCATALOG_COMPILER_APPICON_NAME = AppIcon;
				ASSETCATALOG_COMPILER_GLOBAL_ACCENT_COLOR_NAME = AccentColor;
				CODE_SIGN_STYLE = Automatic;
				DEVELOPMENT_TEAM = 36F936QK6T;
				INFOPLIST_FILE = ListingApp/Info.plist;
				LD_RUNPATH_SEARCH_PATHS = (
					"$(inherited)",
					"@executable_path/Frameworks",
				);
				PRODUCT_BUNDLE_IDENTIFIER = NP.ListingApp;
				PRODUCT_NAME = "$(TARGET_NAME)";
				SWIFT_VERSION = 5.0;
				TARGETED_DEVICE_FAMILY = "1,2";
			};
			name = Release;
		};
		A1A41F2E272D3783003967E9 /* Debug */ = {
			isa = XCBuildConfiguration;
			buildSettings = {
				ALWAYS_EMBED_SWIFT_STANDARD_LIBRARIES = YES;
				BUNDLE_LOADER = "$(TEST_HOST)";
				CODE_SIGN_STYLE = Automatic;
				DEVELOPMENT_TEAM = 36F936QK6T;
				INFOPLIST_FILE = ListingAppTests/Info.plist;
				IPHONEOS_DEPLOYMENT_TARGET = 14.5;
				LD_RUNPATH_SEARCH_PATHS = (
					"$(inherited)",
					"@executable_path/Frameworks",
					"@loader_path/Frameworks",
				);
				PRODUCT_BUNDLE_IDENTIFIER = NP.ListingAppTests;
				PRODUCT_NAME = "$(TARGET_NAME)";
				SWIFT_VERSION = 5.0;
				TARGETED_DEVICE_FAMILY = "1,2";
				TEST_HOST = "$(BUILT_PRODUCTS_DIR)/ListingApp.app/ListingApp";
			};
			name = Debug;
		};
		A1A41F2F272D3783003967E9 /* Release */ = {
			isa = XCBuildConfiguration;
			buildSettings = {
				ALWAYS_EMBED_SWIFT_STANDARD_LIBRARIES = YES;
				BUNDLE_LOADER = "$(TEST_HOST)";
				CODE_SIGN_STYLE = Automatic;
				DEVELOPMENT_TEAM = 36F936QK6T;
				INFOPLIST_FILE = ListingAppTests/Info.plist;
				IPHONEOS_DEPLOYMENT_TARGET = 14.5;
				LD_RUNPATH_SEARCH_PATHS = (
					"$(inherited)",
					"@executable_path/Frameworks",
					"@loader_path/Frameworks",
				);
				PRODUCT_BUNDLE_IDENTIFIER = NP.ListingAppTests;
				PRODUCT_NAME = "$(TARGET_NAME)";
				SWIFT_VERSION = 5.0;
				TARGETED_DEVICE_FAMILY = "1,2";
				TEST_HOST = "$(BUILT_PRODUCTS_DIR)/ListingApp.app/ListingApp";
			};
			name = Release;
		};
		A1A41F31272D3783003967E9 /* Debug */ = {
			isa = XCBuildConfiguration;
			buildSettings = {
				ALWAYS_EMBED_SWIFT_STANDARD_LIBRARIES = YES;
				CODE_SIGN_STYLE = Automatic;
				DEVELOPMENT_TEAM = 36F936QK6T;
				INFOPLIST_FILE = ListingAppUITests/Info.plist;
				LD_RUNPATH_SEARCH_PATHS = (
					"$(inherited)",
					"@executable_path/Frameworks",
					"@loader_path/Frameworks",
				);
				PRODUCT_BUNDLE_IDENTIFIER = NP.ListingAppUITests;
				PRODUCT_NAME = "$(TARGET_NAME)";
				SWIFT_VERSION = 5.0;
				TARGETED_DEVICE_FAMILY = "1,2";
				TEST_TARGET_NAME = ListingApp;
			};
			name = Debug;
		};
		A1A41F32272D3783003967E9 /* Release */ = {
			isa = XCBuildConfiguration;
			buildSettings = {
				ALWAYS_EMBED_SWIFT_STANDARD_LIBRARIES = YES;
				CODE_SIGN_STYLE = Automatic;
				DEVELOPMENT_TEAM = 36F936QK6T;
				INFOPLIST_FILE = ListingAppUITests/Info.plist;
				LD_RUNPATH_SEARCH_PATHS = (
					"$(inherited)",
					"@executable_path/Frameworks",
					"@loader_path/Frameworks",
				);
				PRODUCT_BUNDLE_IDENTIFIER = NP.ListingAppUITests;
				PRODUCT_NAME = "$(TARGET_NAME)";
				SWIFT_VERSION = 5.0;
				TARGETED_DEVICE_FAMILY = "1,2";
				TEST_TARGET_NAME = ListingApp;
			};
			name = Release;
		};
/* End XCBuildConfiguration section */

/* Begin XCConfigurationList section */
		A1A41EFB272D3781003967E9 /* Build configuration list for PBXProject "ListingApp" */ = {
			isa = XCConfigurationList;
			buildConfigurations = (
				A1A41F28272D3783003967E9 /* Debug */,
				A1A41F29272D3783003967E9 /* Release */,
			);
			defaultConfigurationIsVisible = 0;
			defaultConfigurationName = Release;
		};
		A1A41F2A272D3783003967E9 /* Build configuration list for PBXNativeTarget "ListingApp" */ = {
			isa = XCConfigurationList;
			buildConfigurations = (
				A1A41F2B272D3783003967E9 /* Debug */,
				A1A41F2C272D3783003967E9 /* Release */,
			);
			defaultConfigurationIsVisible = 0;
			defaultConfigurationName = Release;
		};
		A1A41F2D272D3783003967E9 /* Build configuration list for PBXNativeTarget "ListingAppTests" */ = {
			isa = XCConfigurationList;
			buildConfigurations = (
				A1A41F2E272D3783003967E9 /* Debug */,
				A1A41F2F272D3783003967E9 /* Release */,
			);
			defaultConfigurationIsVisible = 0;
			defaultConfigurationName = Release;
		};
		A1A41F30272D3783003967E9 /* Build configuration list for PBXNativeTarget "ListingAppUITests" */ = {
			isa = XCConfigurationList;
			buildConfigurations = (
				A1A41F31272D3783003967E9 /* Debug */,
				A1A41F32272D3783003967E9 /* Release */,
			);
			defaultConfigurationIsVisible = 0;
			defaultConfigurationName = Release;
		};
/* End XCConfigurationList section */
	};
	rootObject = A1A41EF8272D3781003967E9 /* Project object */;
}
